{
  "name": "@jlrwi/requestor_type",
  "version": "1.1.0",
  "lockfileVersion": 1,
  "requires": true,
  "dependencies": {
    "@jlrwi/adt_tests": {
      "version": "file:../adt_tests",
      "dev": true,
      "requires": {
        "@jlrwi/combinators": "file:../combinators",
        "@jlrwi/esfunctions": "file:../esfunctions"
      },
      "dependencies": {
        "@jlrwi/combinators": {
          "version": "file:../combinators",
          "dev": true
        },
        "@jlrwi/esfunctions": {
          "version": "file:../esfunctions",
          "dev": true,
          "dependencies": {
            "@jlrwi/jscheck": {
              "version": "1.0.1",
              "requires": {
                "@jlrwi/fulfill": "file:../fulfill"
              },
              "dependencies": {
                "@jlrwi/fulfill": {
                  "version": "file:../fulfill"
                }
              }
            }
          }
        }
      }
    },
    "@jlrwi/combinators": {
      "version": "file:../combinators"
    },
    "@jlrwi/esfunctions": {
      "version": "file:../esfunctions"
    },
    "@jlrwi/jscheck": {
      "version": "file:../jscheck",
      "dev": true,
      "requires": {
        "@jlrwi/fulfill": "file:../fulfill"
      },
      "dependencies": {
        "@jlrwi/fulfill": {
          "version": "file:../fulfill",
          "dev": true
        }
      }
    },
    "@jlrwi/package-processor": {
      "version": "file:../pkg_processor",
      "dev": true,
      "requires": {
        "@jlrwi/argument_parser": "file:../argument_parser",
        "@jlrwi/combinators": "file:../combinators",
        "@jlrwi/ecomcon": "file:../ecomcon",
        "@jlrwi/esfunctions": "file:../esfunctions",
        "@jlrwi/fs_requestors": "file:../fs_requestors",
        "@jlrwi/parseq": "file:../parseq",
        "@jlrwi/requestors": "file:../requestors"
      },
      "dependencies": {
        "@jlrwi/argument_parser": {
          "version": "file:../argument_parser",
          "dev": true
        },
        "@jlrwi/combinators": {
          "version": "file:../combinators",
          "dev": true
        },
        "@jlrwi/ecomcon": {
          "version": "file:../ecomcon",
          "dev": true
        },
        "@jlrwi/esfunctions": {
          "version": "file:../esfunctions",
          "dev": true,
          "dependencies": {
            "@jlrwi/jscheck": {
              "version": "1.0.1",
              "requires": {
                "@jlrwi/fulfill": "file:../fulfill"
              },
              "dependencies": {
                "@jlrwi/fulfill": {
                  "version": "file:../fulfill"
                }
              }
            }
          }
        },
        "@jlrwi/fs_requestors": {
          "version": "file:../fs_requestors",
          "dev": true
        },
        "@jlrwi/parseq": {
          "version": "file:../parseq",
          "dev": true,
          "requires": {
            "@jlrwi/esfunctions": "file:../esfunctions"
          },
          "dependencies": {
            "@jlrwi/esfunctions": {
              "version": "file:../esfunctions",
              "dependencies": {
                "@jlrwi/jscheck": {
                  "version": "1.0.1",
                  "requires": {
                    "@jlrwi/fulfill": "file:../fulfill"
                  },
                  "dependencies": {}
                }
              }
            }
          }
        },
        "@jlrwi/requestors": {
          "version": "file:../requestors",
          "dev": true,
          "requires": {
            "@jlrwi/combinators": "file:../combinators",
            "@jlrwi/esfunctions": "file:../esfunctions",
            "@jlrwi/parseq": "file:../parseq",
            "@jlrwi/requestor_type": "file:"
          },
          "dependencies": {
            "@jlrwi/combinators": {
              "version": "file:../combinators",
              "dev": true
            },
            "@jlrwi/esfunctions": {
              "version": "file:../esfunctions",
              "dev": true,
              "dependencies": {
                "@jlrwi/jscheck": {
                  "version": "1.0.1",
                  "requires": {
                    "@jlrwi/fulfill": "file:../fulfill"
                  },
                  "dependencies": {}
                }
              }
            },
            "@jlrwi/parseq": {
              "version": "file:../parseq",
              "dev": true,
              "requires": {
                "@jlrwi/esfunctions": "file:../esfunctions"
              },
              "dependencies": {
                "@jlrwi/esfunctions": {
                  "version": "file:../esfunctions",
                  "dependencies": {}
                }
              }
            },
            "@jlrwi/requestor_type": {
              "version": "file:",
              "dev": true,
              "requires": {
                "@jlrwi/combinators": "file:../combinators",
                "@jlrwi/esfunctions": "file:../esfunctions"
              },
              "dependencies": {
                "@jlrwi/adt_tests": {
                  "version": "1.0.0",
                  "requires": {
                    "@jlrwi/combinators": "file:../combinators",
                    "@jlrwi/esfunctions": "file:../esfunctions"
                  },
                  "dependencies": {
                    "@jlrwi/combinators": {
                      "version": "file:../combinators"
                    },
                    "@jlrwi/esfunctions": {
                      "version": "file:../esfunctions",
                      "dependencies": {
                        "@jlrwi/jscheck": {
                          "version": "1.0.1",
                          "requires": {
                            "@jlrwi/fulfill": "file:../fulfill"
                          },
                          "dependencies": {}
                        }
                      }
                    }
                  }
                },
                "@jlrwi/combinators": {
                  "version": "file:../combinators",
                  "dev": true
                },
                "@jlrwi/esfunctions": {
                  "version": "file:../esfunctions",
                  "dev": true,
                  "dependencies": {
                    "@jlrwi/jscheck": {
                      "version": "1.0.1",
                      "requires": {
                        "@jlrwi/fulfill": "file:../fulfill"
                      },
                      "dependencies": {}
                    }
                  }
                },
                "@jlrwi/jscheck": {
                  "version": "1.0.1",
                  "requires": {
                    "@jlrwi/fulfill": "file:../fulfill"
                  },
                  "dependencies": {
                    "@jlrwi/fulfill": {
                      "version": "file:../fulfill"
                    }
                  }
                },
                "@jlrwi/parseq": {
                  "version": "1.2.1",
                  "requires": {
                    "@jlrwi/esfunctions": "file:../esfunctions"
                  },
                  "dependencies": {
                    "@jlrwi/esfunctions": {
                      "version": "file:../esfunctions",
                      "dependencies": {}
                    }
                  }
                }
              }
            }
          }
        }
      }
    },
    "@jlrwi/parseq": {
      "version": "file:../parseq",
      "dev": true,
      "requires": {
        "@jlrwi/esfunctions": "file:../esfunctions"
      },
      "dependencies": {
        "@jlrwi/esfunctions": {
          "version": "file:../esfunctions",
          "dev": true,
          "dependencies": {
            "@jlrwi/jscheck": {
              "version": "1.0.1",
              "requires": {
                "@jlrwi/fulfill": "file:../fulfill"
              },
              "dependencies": {
                "@jlrwi/fulfill": {
                  "version": "file:../fulfill"
                }
              }
            }
          }
        }
      }
    }
  }
}
