{
  "name": "@jlrwi/requestor_type",
  "version": "1.0.0",
  "lockfileVersion": 2,
  "requires": true,
  "packages": {
    "": {
      "name": "@jlrwi/requestor_type",
      "version": "1.0.0",
      "license": "ISC",
      "dependencies": {
        "@jlrwi/combinators": "file:..\\combinators",
        "@jlrwi/esfunctions": "file:..\\esfunctions"
      },
      "devDependencies": {
        "@jlrwi/adt_tests": "file:..\\adt_tests",
        "@jlrwi/jscheck": "file:..\\jscheck",
        "@jlrwi/parseq": "file:..\\parseq"
      }
    },
    "../adt_tests": {
      "name": "@jlrwi/adt_tests",
      "version": "1.0.0",
      "dev": true,
      "license": "ISC",
      "dependencies": {
        "@jlrwi/combinators": "*",
        "@jlrwi/esfunctions": "*"
      }
    },
    "../combinators": {
      "name": "@jlrwi/combinators",
      "version": "1.0.0",
      "license": "ISC"
    },
    "../esfunctions": {
      "name": "@jlrwi/esfunctions",
      "version": "1.0.0",
      "license": "ISC",
      "devDependencies": {
        "@jlrwi/jscheck": "*"
      }
    },
    "../jscheck": {
      "version": "1.0.0",
      "dev": true,
      "license": "ISC",
      "dependencies": {
        "@jlrwi/fulfill": "*"
      }
    },
    "../parseq": {
      "name": "@jlrwi/parseq",
      "version": "1.2.0",
      "dev": true,
      "license": "ISC",
      "dependencies": {
        "@jlrwi/esfunctions": "*"
      }
    },
    "node_modules/@jlrwi/adt_tests": {
      "resolved": "../adt_tests",
      "link": true
    },
    "node_modules/@jlrwi/combinators": {
      "resolved": "../combinators",
      "link": true
    },
    "node_modules/@jlrwi/esfunctions": {
      "resolved": "../esfunctions",
      "link": true
    },
    "node_modules/@jlrwi/jscheck": {
      "resolved": "../jscheck",
      "link": true
    },
    "node_modules/@jlrwi/parseq": {
      "resolved": "../parseq",
      "link": true
    }
  },
  "dependencies": {
    "@jlrwi/adt_tests": {
      "version": "file:../adt_tests",
      "requires": {
        "@jlrwi/combinators": "*",
        "@jlrwi/esfunctions": "*"
      }
    },
    "@jlrwi/combinators": {
      "version": "file:../combinators"
    },
    "@jlrwi/esfunctions": {
      "version": "file:../esfunctions",
      "requires": {
        "@jlrwi/jscheck": "*"
      }
    },
    "@jlrwi/jscheck": {
      "version": "file:../jscheck",
      "requires": {
        "@jlrwi/fulfill": "*"
      }
    },
    "@jlrwi/parseq": {
      "version": "file:../parseq",
      "requires": {
        "@jlrwi/esfunctions": "*"
      }
    }
  }
}
