{
  "name": "@jlrwi/requestor_type",
  "version": "1.2.0",
  "lockfileVersion": 2,
  "requires": true,
  "packages": {
    "": {
      "name": "@jlrwi/requestor_type",
      "version": "1.2.0",
      "license": "ISC",
      "dependencies": {
        "@jlrwi/combinators": "file:..\\combinators",
        "@jlrwi/curried-parseq": "github:jlrwi/curried-parseq",
        "@jlrwi/esfunctions": "file:..\\esfunctions"
      },
      "devDependencies": {
        "@jlrwi/adt_tests": "file:..\\adt_tests",
        "@jlrwi/jscheck": "file:..\\jscheck",
        "@jlrwi/package-processor": "file:../pkg_processor",
        "@jlrwi/parseq": "file:..\\parseq"
      }
    },
    "../adt_tests": {
      "name": "@jlrwi/adt-tests",
      "version": "2.0.0",
      "dev": true,
      "license": "ISC",
      "dependencies": {
        "@jlrwi/combinators": "github:jlrwi/combinators",
        "@jlrwi/esfunctions": "github:jlrwi/esfunctions"
      }
    },
    "../combinators": {
      "name": "@jlrwi/combinators",
      "version": "1.2.1",
      "license": "ISC"
    },
    "../esfunctions": {
      "name": "@jlrwi/esfunctions",
      "version": "4.2.1",
      "license": "ISC",
      "devDependencies": {
        "@jlrwi/jscheck": "github:jlrwi/jscheck"
      }
    },
    "../jscheck": {
      "name": "@jlrwi/jscheck",
      "version": "1.0.1",
      "dev": true,
      "license": "ISC",
      "dependencies": {
        "@jlrwi/fulfill": "github:jlrwi/fulfill"
      }
    },
    "../parseq": {
      "name": "@jlrwi/parseq",
      "version": "1.2.1",
      "dev": true,
      "license": "ISC",
      "dependencies": {
        "@jlrwi/esfunctions": "file:../esfunctions"
      }
    },
    "../pkg_processor": {
      "name": "@jlrwi/package-processor",
      "version": "1.0.1",
      "dev": true,
      "license": "ISC",
      "dependencies": {
        "@jlrwi/argument_parser": "file:../argument_parser",
        "@jlrwi/combinators": "file:../combinators",
        "@jlrwi/curried-parseq": "file:../curried_parseq",
        "@jlrwi/ecomcon": "file:../ecomcon",
        "@jlrwi/esfunctions": "file:../esfunctions",
        "@jlrwi/fs-requestors": "file:../fs_requestors",
        "@jlrwi/requestors": "file:../requestors"
      },
      "bin": {
        "batch-process": "bin/batch-process.js",
        "extract-doc": "bin/extract_doc.js",
        "extract-min": "bin/extract_min.js",
        "extract-test": "bin/extract_test.js"
      }
    },
    "node_modules/@jlrwi/adt_tests": {
      "resolved": "../adt_tests",
      "link": true
    },
    "node_modules/@jlrwi/combinators": {
      "resolved": "../combinators",
      "link": true
    },
    "node_modules/@jlrwi/curried-parseq": {
      "version": "1.0.0",
      "resolved": "git+ssh://git@github.com/jlrwi/curried-parseq.git#4cc8c056e91a82e2b54a1eeb4f43b048ec204253",
      "license": "ISC"
    },
    "node_modules/@jlrwi/esfunctions": {
      "resolved": "../esfunctions",
      "link": true
    },
    "node_modules/@jlrwi/jscheck": {
      "resolved": "../jscheck",
      "link": true
    },
    "node_modules/@jlrwi/package-processor": {
      "resolved": "../pkg_processor",
      "link": true
    },
    "node_modules/@jlrwi/parseq": {
      "resolved": "../parseq",
      "link": true
    }
  },
  "dependencies": {
    "@jlrwi/adt_tests": {
      "version": "file:../adt_tests",
      "requires": {
        "@jlrwi/combinators": "github:jlrwi/combinators",
        "@jlrwi/esfunctions": "github:jlrwi/esfunctions"
      }
    },
    "@jlrwi/combinators": {
      "version": "file:../combinators"
    },
    "@jlrwi/curried-parseq": {
      "version": "git+ssh://git@github.com/jlrwi/curried-parseq.git#4cc8c056e91a82e2b54a1eeb4f43b048ec204253",
      "from": "@jlrwi/curried-parseq@github:jlrwi/curried-parseq"
    },
    "@jlrwi/esfunctions": {
      "version": "file:../esfunctions",
      "requires": {
        "@jlrwi/jscheck": "github:jlrwi/jscheck"
      }
    },
    "@jlrwi/jscheck": {
      "version": "file:../jscheck",
      "requires": {
        "@jlrwi/fulfill": "github:jlrwi/fulfill"
      }
    },
    "@jlrwi/package-processor": {
      "version": "file:../pkg_processor",
      "requires": {
        "@jlrwi/argument_parser": "file:../argument_parser",
        "@jlrwi/combinators": "file:../combinators",
        "@jlrwi/curried-parseq": "file:../curried_parseq",
        "@jlrwi/ecomcon": "file:../ecomcon",
        "@jlrwi/esfunctions": "file:../esfunctions",
        "@jlrwi/fs-requestors": "file:../fs_requestors",
        "@jlrwi/requestors": "file:../requestors"
      }
    },
    "@jlrwi/parseq": {
      "version": "file:../parseq",
      "requires": {
        "@jlrwi/esfunctions": "file:../esfunctions"
      }
    }
  }
}
